// !$*UTF8*$!
{
	archiveVersion = 1;
	classes = {
	};
	objectVersion = 46;
	objects = {

/* Begin PBXBuildFile section */
		226093681A017279009BA575 /* DeviceToDeviceManager.h in Headers */ = {isa = PBXBuildFile; fileRef = 226093671A017279009BA575 /* DeviceToDeviceManager.h */; settings = {ATTRIBUTES = (Public, ); }; };
		226093801A017293009BA575 /* Device2DeviceManager.c in Sources */ = {isa = PBXBuildFile; fileRef = 2260937E1A017293009BA575 /* Device2DeviceManager.c */; };
		226093811A017293009BA575 /* Device2DeviceManager.h in Headers */ = {isa = PBXBuildFile; fileRef = 2260937F1A017293009BA575 /* Device2DeviceManager.h */; };
/* End PBXBuildFile section */

/* Begin PBXFileReference section */
		226093621A017279009BA575 /* DeviceToDeviceManager.framework */ = {isa = PBXFileReference; explicitFileType = wrapper.framework; includeInIndex = 0; path = DeviceToDeviceManager.framework; sourceTree = BUILT_PRODUCTS_DIR; };
		226093661A017279009BA575 /* Info.plist */ = {isa = PBXFileReference; lastKnownFileType = text.plist.xml; path = Info.plist; sourceTree = "<group>"; };
		226093671A017279009BA575 /* DeviceToDeviceManager.h */ = {isa = PBXFileReference; lastKnownFileType = sourcecode.c.h; path = DeviceToDeviceManager.h; sourceTree = "<group>"; };
		2260937E1A017293009BA575 /* Device2DeviceManager.c */ = {isa = PBXFileReference; fileEncoding = 4; lastKnownFileType = sourcecode.c.c; path = Device2DeviceManager.c; sourceTree = "<group>"; };
		2260937F1A017293009BA575 /* Device2DeviceManager.h */ = {isa = PBXFileReference; fileEncoding = 4; lastKnownFileType = sourcecode.c.h; path = Device2DeviceManager.h; sourceTree = "<group>"; };
/* End PBXFileReference section */

/* Begin PBXFrameworksBuildPhase section */
		2260935E1A017279009BA575 /* Frameworks */ = {
			isa = PBXFrameworksBuildPhase;
			buildActionMask = 2147483647;
			files = (
			);
			runOnlyForDeploymentPostprocessing = 0;
		};
/* End PBXFrameworksBuildPhase section */

/* Begin PBXGroup section */
		226093581A017279009BA575 = {
			isa = PBXGroup;
			children = (
				226093641A017279009BA575 /* DeviceToDeviceManager */,
				226093631A017279009BA575 /* Products */,
			);
			sourceTree = "<group>";
		};
		226093631A017279009BA575 /* Products */ = {
			isa = PBXGroup;
			children = (
				226093621A017279009BA575 /* DeviceToDeviceManager.framework */,
			);
			name = Products;
			sourceTree = "<group>";
		};
		226093641A017279009BA575 /* DeviceToDeviceManager */ = {
			isa = PBXGroup;
			children = (
				226093671A017279009BA575 /* DeviceToDeviceManager.h */,
				226093651A017279009BA575 /* Supporting Files */,
				2260937E1A017293009BA575 /* Device2DeviceManager.c */,
				2260937F1A017293009BA575 /* Device2DeviceManager.h */,
			);
			path = DeviceToDeviceManager;
			sourceTree = "<group>";
		};
		226093651A017279009BA575 /* Supporting Files */ = {
			isa = PBXGroup;
			children = (
				226093661A017279009BA575 /* Info.plist */,
			);
			name = "Supporting Files";
			sourceTree = "<group>";
		};
/* End PBXGroup section */

/* Begin PBXHeadersBuildPhase section */
		2260935F1A017279009BA575 /* Headers */ = {
			isa = PBXHeadersBuildPhase;
			buildActionMask = 2147483647;
			files = (
				226093681A017279009BA575 /* DeviceToDeviceManager.h in Headers */,
				226093811A017293009BA575 /* Device2DeviceManager.h in Headers */,
			);
			runOnlyForDeploymentPostprocessing = 0;
		};
/* End PBXHeadersBuildPhase section */

/* Begin PBXNativeTarget section */
		226093611A017279009BA575 /* DeviceToDeviceManager */ = {
			isa = PBXNativeTarget;
			buildConfigurationList = 226093781A017279009BA575 /* Build configuration list for PBXNativeTarget "DeviceToDeviceManager" */;
			buildPhases = (
				2260935D1A017279009BA575 /* Sources */,
				2260935E1A017279009BA575 /* Frameworks */,
				2260935F1A017279009BA575 /* Headers */,
				226093601A017279009BA575 /* Resources */,
			);
			buildRules = (
			);
			dependencies = (
			);
			name = DeviceToDeviceManager;
			productName = DeviceToDeviceManager;
			productReference = 226093621A017279009BA575 /* DeviceToDeviceManager.framework */;
			productType = "com.apple.product-type.framework";
		};
/* End PBXNativeTarget section */

/* Begin PBXProject section */
		226093591A017279009BA575 /* Project object */ = {
			isa = PBXProject;
			attributes = {
				LastUpgradeCheck = 0610;
				ORGANIZATIONNAME = "Sam Marshall";
				TargetAttributes = {
					226093611A017279009BA575 = {
						CreatedOnToolsVersion = 6.1;
					};
				};
			};
			buildConfigurationList = 2260935C1A017279009BA575 /* Build configuration list for PBXProject "DeviceToDeviceManager" */;
			compatibilityVersion = "Xcode 3.2";
			developmentRegion = English;
			hasScannedForEncodings = 0;
			knownRegions = (
				en,
			);
			mainGroup = 226093581A017279009BA575;
			productRefGroup = 226093631A017279009BA575 /* Products */;
			projectDirPath = "";
			projectRoot = "";
			targets = (
				226093611A017279009BA575 /* DeviceToDeviceManager */,
			);
		};
/* End PBXProject section */

/* Begin PBXResourcesBuildPhase section */
		226093601A017279009BA575 /* Resources */ = {
			isa = PBXResourcesBuildPhase;
			buildActionMask = 2147483647;
			files = (
			);
			runOnlyForDeploymentPostprocessing = 0;
		};
/* End PBXResourcesBuildPhase section */

/* Begin PBXSourcesBuildPhase section */
		2260935D1A017279009BA575 /* Sources */ = {
			isa = PBXSourcesBuildPhase;
			buildActionMask = 2147483647;
			files = (
				226093801A017293009BA575 /* Device2DeviceManager.c in Sources */,
			);
			runOnlyForDeploymentPostprocessing = 0;
		};
/* End PBXSourcesBuildPhase section */

/* Begin XCBuildConfiguration section */
		226093761A017279009BA575 /* Debug */ = {
			isa = XCBuildConfiguration;
			buildSettings = {
				ALWAYS_SEARCH_USER_PATHS = NO;
				CLANG_CXX_LANGUAGE_STANDARD = "gnu++0x";
				CLANG_CXX_LIBRARY = "libc++";
				CLANG_ENABLE_MODULES = YES;
				CLANG_ENABLE_OBJC_ARC = YES;
				CLANG_WARN_BOOL_CONVERSION = YES;
				CLANG_WARN_CONSTANT_CONVERSION = YES;
				CLANG_WARN_DIRECT_OBJC_ISA_USAGE = YES_ERROR;
				CLANG_WARN_EMPTY_BODY = YES;
				CLANG_WARN_ENUM_CONVERSION = YES;
				CLANG_WARN_INT_CONVERSION = YES;
				CLANG_WARN_OBJC_ROOT_CLASS = YES_ERROR;
				CLANG_WARN_UNREACHABLE_CODE = YES;
				CLANG_WARN__DUPLICATE_METHOD_MATCH = YES;
				COPY_PHASE_STRIP = NO;
				CURRENT_PROJECT_VERSION = 1;
				ENABLE_STRICT_OBJC_MSGSEND = YES;
				GCC_C_LANGUAGE_STANDARD = gnu99;
				GCC_DYNAMIC_NO_PIC = NO;
				GCC_OPTIMIZATION_LEVEL = 0;
				GCC_PREPROCESSOR_DEFINITIONS = (
					"DEBUG=1",
					"$(inherited)",
				);
				GCC_SYMBOLS_PRIVATE_EXTERN = NO;
				GCC_WARN_64_TO_32_BIT_CONVERSION = YES;
				GCC_WARN_ABOUT_RETURN_TYPE = YES_ERROR;
				GCC_WARN_UNDECLARED_SELECTOR = YES;
				GCC_WARN_UNINITIALIZED_AUTOS = YES_AGGRESSIVE;
				GCC_WARN_UNUSED_FUNCTION = YES;
				GCC_WARN_UNUSED_VARIABLE = YES;
				MACOSX_DEPLOYMENT_TARGET = 10.9;
				MTL_ENABLE_DEBUG_INFO = YES;
				ONLY_ACTIVE_ARCH = YES;
				SDKROOT = macosx;
				VERSIONING_SYSTEM = "apple-generic";
				VERSION_INFO_PREFIX = "";
			};
			name = Debug;
		};
		226093771A017279009BA575 /* Release */ = {
			isa = XCBuildConfiguration;
			buildSettings = {
				ALWAYS_SEARCH_USER_PATHS = NO;
				CLANG_CXX_LANGUAGE_STANDARD = "gnu++0x";
				CLANG_CXX_LIBRARY = "libc++";
				CLANG_ENABLE_MODULES = YES;
				CLANG_ENABLE_OBJC_ARC = YES;
				CLANG_WARN_BOOL_CONVERSION = YES;
				CLANG_WARN_CONSTANT_CONVERSION = YES;
				CLANG_WARN_DIRECT_OBJC_ISA_USAGE = YES_ERROR;
				CLANG_WARN_EMPTY_BODY = YES;
				CLANG_WARN_ENUM_CONVERSION = YES;
				CLANG_WARN_INT_CONVERSION = YES;
				CLANG_WARN_OBJC_ROOT_CLASS = YES_ERROR;
				CLANG_WARN_UNREACHABLE_CODE = YES;
				CLANG_WARN__DUPLICATE_METHOD_MATCH = YES;
				COPY_PHASE_STRIP = YES;
				CURRENT_PROJECT_VERSION = 1;
				DEBUG_INFORMATION_FORMAT = "dwarf-with-dsym";
				ENABLE_NS_ASSERTIONS = NO;
				ENABLE_STRICT_OBJC_MSGSEND = YES;
				GCC_C_LANGUAGE_STANDARD = gnu99;
				GCC_WARN_64_TO_32_BIT_CONVERSION = YES;
				GCC_WARN_ABOUT_RETURN_TYPE = YES_ERROR;
				GCC_WARN_UNDECLARED_SELECTOR = YES;
				GCC_WARN_UNINITIALIZED_AUTOS = YES_AGGRESSIVE;
				GCC_WARN_UNUSED_FUNCTION = YES;
				GCC_WARN_UNUSED_VARIABLE = YES;
				MACOSX_DEPLOYMENT_TARGET = 10.9;
				MTL_ENABLE_DEBUG_INFO = NO;
				SDKROOT = macosx;
				VERSIONING_SYSTEM = "apple-generic";
				VERSION_INFO_PREFIX = "";
			};
			name = Release;
		};
		226093791A017279009BA575 /* Debug */ = {
			isa = XCBuildConfiguration;
			buildSettings = {
				COMBINE_HIDPI_IMAGES = YES;
				DEFINES_MODULE = YES;
				DYLIB_COMPATIBILITY_VERSION = 1;
				DYLIB_CURRENT_VERSION = 1;
				DYLIB_INSTALL_NAME_BASE = "@rpath";
				FRAMEWORK_VERSION = A;
				INFOPLIST_FILE = DeviceToDeviceManager/Info.plist;
				INSTALL_PATH = "$(LOCAL_LIBRARY_DIR)/Frameworks";
				LD_RUNPATH_SEARCH_PATHS = "$(inherited) @executable_path/../Frameworks @loader_path/Frameworks";
				PRODUCT_NAME = "$(TARGET_NAME)";
				SKIP_INSTALL = YES;
			};
			name = Debug;
		};
		2260937A1A017279009BA575 /* Release */ = {
			isa = XCBuildConfiguration;
			buildSettings = {
				COMBINE_HIDPI_IMAGES = YES;
				DEFINES_MODULE = YES;
				DYLIB_COMPATIBILITY_VERSION = 1;
				DYLIB_CURRENT_VERSION = 1;
				DYLIB_INSTALL_NAME_BASE = "@rpath";
				FRAMEWORK_VERSION = A;
				INFOPLIST_FILE = DeviceToDeviceManager/Info.plist;
				INSTALL_PATH = "$(LOCAL_LIBRARY_DIR)/Frameworks";
				LD_RUNPATH_SEARCH_PATHS = "$(inherited) @executable_path/../Frameworks @loader_path/Frameworks";
				PRODUCT_NAME = "$(TARGET_NAME)";
				SKIP_INSTALL = YES;
			};
			name = Release;
		};
/* End XCBuildConfiguration section */

/* Begin XCConfigurationList section */
		2260935C1A017279009BA575 /* Build configuration list for PBXProject "DeviceToDeviceManager" */ = {
			isa = XCConfigurationList;
			buildConfigurations = (
				226093761A017279009BA575 /* Debug */,
				226093771A017279009BA575 /* Release */,
			);
			defaultConfigurationIsVisible = 0;
			defaultConfigurationName = Release;
		};
		226093781A017279009BA575 /* Build configuration list for PBXNativeTarget "DeviceToDeviceManager" */ = {
			isa = XCConfigurationList;
			buildConfigurations = (
				226093791A017279009BA575 /* Debug */,
				2260937A1A017279009BA575 /* Release */,
			);
			defaultConfigurationIsVisible = 0;
		};
/* End XCConfigurationList section */
	};
	rootObject = 226093591A017279009BA575 /* Project object */;
}
